
Microsoft Visual Studio Solution File, Format Version 12.00
# Visual Studio Version 16
VisualStudioVersion = 16.0.29519.181
MinimumVisualStudioVersion = 10.0.40219.1
Project("{FAE04EC0-301F-11D3-BF4B-00C04F79EFBC}") = "ScoringApp", "ScoringApp\ScoringApp.csproj", "{350446FE-CD2C-45A0-BC64-FB96A332513A}"
EndProject
Global
	GlobalSection(SolutionConfigurationPlatforms) = preSolution
		Debug|Any CPU = Debug|Any CPU
		Release|Any CPU = Release|Any CPU
	EndGlobalSection
	GlobalSection(ProjectConfigurationPlatforms) = postSolution
		{350446FE-CD2C-45A0-BC64-FB96A332513A}.Debug|Any CPU.ActiveCfg = Debug|Any CPU
		{350446FE-CD2C-45A0-BC64-FB96A332513A}.Debug|Any CPU.Build.0 = Debug|Any CPU
		{350446FE-CD2C-45A0-BC64-FB96A332513A}.Release|Any CPU.ActiveCfg = Release|Any CPU
		{350446FE-CD2C-45A0-BC64-FB96A332513A}.Release|Any CPU.Build.0 = Release|Any CPU
	EndGlobalSection
	GlobalSection(SolutionProperties) = preSolution
		HideSolutionNode = FALSE
	EndGlobalSection
	GlobalSection(ExtensibilityGlobals) = postSolution
		SolutionGuid = {49C25700-E5F0-4BD3-92D0-6A5CA7557028}
	EndGlobalSection
EndGlobal
